// !$*UTF8*$!
{
	archiveVersion = 1;
	classes = {
	};
	objectVersion = 55;
	objects = {

/* Begin PBXBuildFile section */
		58474D8C27F9A31D00A9B289 /* Note.swift in Sources */ = {isa = PBXBuildFile; fileRef = 58474D8B27F9A31D00A9B289 /* Note.swift */; };
		58474D8E27F9B22C00A9B289 /* DateFormat.swift in Sources */ = {isa = PBXBuildFile; fileRef = 58474D8D27F9B22C00A9B289 /* DateFormat.swift */; };
		5874376A28117AF2009A604E /* NoteStorage.swift in Sources */ = {isa = PBXBuildFile; fileRef = 5874376928117AF2009A604E /* NoteStorage.swift */; };
		58BE438D280579D9005A2181 /* ListViewController.swift in Sources */ = {isa = PBXBuildFile; fileRef = 58BE438C280579D9005A2181 /* ListViewController.swift */; };
		58BE439028057AF4005A2181 /* NoteCell.swift in Sources */ = {isa = PBXBuildFile; fileRef = 58BE438F28057AF4005A2181 /* NoteCell.swift */; };
		58BE43922805F164005A2181 /* Extensions.swift in Sources */ = {isa = PBXBuildFile; fileRef = 58BE43912805F164005A2181 /* Extensions.swift */; };
		58D41E8127EF52AB002958FC /* AppDelegate.swift in Sources */ = {isa = PBXBuildFile; fileRef = 58D41E8027EF52AB002958FC /* AppDelegate.swift */; };
		58D41E8327EF52AB002958FC /* SceneDelegate.swift in Sources */ = {isa = PBXBuildFile; fileRef = 58D41E8227EF52AB002958FC /* SceneDelegate.swift */; };
		58D41E8527EF52AB002958FC /* NoteInfoViewController.swift in Sources */ = {isa = PBXBuildFile; fileRef = 58D41E8427EF52AB002958FC /* NoteInfoViewController.swift */; };
		58D41E8A27EF52AD002958FC /* Assets.xcassets in Resources */ = {isa = PBXBuildFile; fileRef = 58D41E8927EF52AD002958FC /* Assets.xcassets */; };
		58D41E8D27EF52AD002958FC /* LaunchScreen.storyboard in Resources */ = {isa = PBXBuildFile; fileRef = 58D41E8B27EF52AD002958FC /* LaunchScreen.storyboard */; };
		58DF69D027FEE27100990875 /* Constant.swift in Sources */ = {isa = PBXBuildFile; fileRef = 58DF69CF27FEE27100990875 /* Constant.swift */; };
/* End PBXBuildFile section */

/* Begin PBXFileReference section */
		58474D8B27F9A31D00A9B289 /* Note.swift */ = {isa = PBXFileReference; lastKnownFileType = sourcecode.swift; path = Note.swift; sourceTree = "<group>"; };
		58474D8D27F9B22C00A9B289 /* DateFormat.swift */ = {isa = PBXFileReference; lastKnownFileType = sourcecode.swift; path = DateFormat.swift; sourceTree = "<group>"; };
		5874376928117AF2009A604E /* NoteStorage.swift */ = {isa = PBXFileReference; lastKnownFileType = sourcecode.swift; path = NoteStorage.swift; sourceTree = "<group>"; };
		58BE438C280579D9005A2181 /* ListViewController.swift */ = {isa = PBXFileReference; lastKnownFileType = sourcecode.swift; path = ListViewController.swift; sourceTree = "<group>"; };
		58BE438F28057AF4005A2181 /* NoteCell.swift */ = {isa = PBXFileReference; lastKnownFileType = sourcecode.swift; name = NoteCell.swift; path = ../NoteCell.swift; sourceTree = "<group>"; };
		58BE43912805F164005A2181 /* Extensions.swift */ = {isa = PBXFileReference; lastKnownFileType = sourcecode.swift; path = Extensions.swift; sourceTree = "<group>"; };
		58D41E7D27EF52AB002958FC /* Notes(Internship).app */ = {isa = PBXFileReference; explicitFileType = wrapper.application; includeInIndex = 0; path = "Notes(Internship).app"; sourceTree = BUILT_PRODUCTS_DIR; };
		58D41E8027EF52AB002958FC /* AppDelegate.swift */ = {isa = PBXFileReference; lastKnownFileType = sourcecode.swift; path = AppDelegate.swift; sourceTree = "<group>"; };
		58D41E8227EF52AB002958FC /* SceneDelegate.swift */ = {isa = PBXFileReference; lastKnownFileType = sourcecode.swift; path = SceneDelegate.swift; sourceTree = "<group>"; };
		58D41E8427EF52AB002958FC /* NoteInfoViewController.swift */ = {isa = PBXFileReference; lastKnownFileType = sourcecode.swift; path = NoteInfoViewController.swift; sourceTree = "<group>"; };
		58D41E8927EF52AD002958FC /* Assets.xcassets */ = {isa = PBXFileReference; lastKnownFileType = folder.assetcatalog; path = Assets.xcassets; sourceTree = "<group>"; };
		58D41E8C27EF52AD002958FC /* Base */ = {isa = PBXFileReference; lastKnownFileType = file.storyboard; name = Base; path = Base.lproj/LaunchScreen.storyboard; sourceTree = "<group>"; };
		58D41E8E27EF52AD002958FC /* Info.plist */ = {isa = PBXFileReference; lastKnownFileType = text.plist.xml; path = Info.plist; sourceTree = "<group>"; };
		58DF69CF27FEE27100990875 /* Constant.swift */ = {isa = PBXFileReference; lastKnownFileType = sourcecode.swift; path = Constant.swift; sourceTree = "<group>"; };
/* End PBXFileReference section */

/* Begin PBXFrameworksBuildPhase section */
		58D41E7A27EF52AB002958FC /* Frameworks */ = {
			isa = PBXFrameworksBuildPhase;
			buildActionMask = 2147483647;
			files = (
			);
			runOnlyForDeploymentPostprocessing = 0;
		};
/* End PBXFrameworksBuildPhase section */

/* Begin PBXGroup section */
		58474D8927F9A2E900A9B289 /* Controllers */ = {
			isa = PBXGroup;
			children = (
				5874376828112B0F009A604E /* NoteInfoViewController */,
				5874376628112AE3009A604E /* ListViewController */,
			);
			name = Controllers;
			sourceTree = "<group>";
		};
		58474D8A27F9A2FF00A9B289 /* Model */ = {
			isa = PBXGroup;
			children = (
				58474D8B27F9A31D00A9B289 /* Note.swift */,
				5874376928117AF2009A604E /* NoteStorage.swift */,
				58474D8D27F9B22C00A9B289 /* DateFormat.swift */,
				58DF69CF27FEE27100990875 /* Constant.swift */,
				58BE43912805F164005A2181 /* Extensions.swift */,
			);
			path = Model;
			sourceTree = "<group>";
		};
		5874376628112AE3009A604E /* ListViewController */ = {
			isa = PBXGroup;
			children = (
				58BE438C280579D9005A2181 /* ListViewController.swift */,
				5874376728112AF6009A604E /* Cells */,
			);
			path = ListViewController;
			sourceTree = "<group>";
		};
		5874376728112AF6009A604E /* Cells */ = {
			isa = PBXGroup;
			children = (
				58BE438F28057AF4005A2181 /* NoteCell.swift */,
			);
			name = Cells;
			sourceTree = "<group>";
		};
		5874376828112B0F009A604E /* NoteInfoViewController */ = {
			isa = PBXGroup;
			children = (
				58D41E8427EF52AB002958FC /* NoteInfoViewController.swift */,
			);
			name = NoteInfoViewController;
			sourceTree = "<group>";
		};
		58BE438E28057AE5005A2181 /* Views */ = {
			isa = PBXGroup;
			children = (
			);
			name = Views;
			sourceTree = "<group>";
		};
		58D41E7427EF52AB002958FC = {
			isa = PBXGroup;
			children = (
				58D41E7F27EF52AB002958FC /* Notes(Internship) */,
				58D41E7E27EF52AB002958FC /* Products */,
			);
			sourceTree = "<group>";
		};
		58D41E7E27EF52AB002958FC /* Products */ = {
			isa = PBXGroup;
			children = (
				58D41E7D27EF52AB002958FC /* Notes(Internship).app */,
			);
			name = Products;
			sourceTree = "<group>";
		};
		58D41E7F27EF52AB002958FC /* Notes(Internship) */ = {
			isa = PBXGroup;
			children = (
				58D41E8027EF52AB002958FC /* AppDelegate.swift */,
				58D41E8227EF52AB002958FC /* SceneDelegate.swift */,
				58474D8A27F9A2FF00A9B289 /* Model */,
				58BE438E28057AE5005A2181 /* Views */,
				58474D8927F9A2E900A9B289 /* Controllers */,
				58D41E8927EF52AD002958FC /* Assets.xcassets */,
				58D41E8B27EF52AD002958FC /* LaunchScreen.storyboard */,
				58D41E8E27EF52AD002958FC /* Info.plist */,
			);
			path = "Notes(Internship)";
			sourceTree = "<group>";
		};
/* End PBXGroup section */

/* Begin PBXNativeTarget section */
		58D41E7C27EF52AB002958FC /* Notes(Internship) */ = {
			isa = PBXNativeTarget;
			buildConfigurationList = 58D41E9127EF52AD002958FC /* Build configuration list for PBXNativeTarget "Notes(Internship)" */;
			buildPhases = (
				585761CB27F433AB00B4D3FE /* ShellScript */,
				58D41E7927EF52AB002958FC /* Sources */,
				58D41E7A27EF52AB002958FC /* Frameworks */,
				58D41E7B27EF52AB002958FC /* Resources */,
			);
			buildRules = (
			);
			dependencies = (
			);
			name = "Notes(Internship)";
			productName = "Notes(Internship)";
			productReference = 58D41E7D27EF52AB002958FC /* Notes(Internship).app */;
			productType = "com.apple.product-type.application";
		};
/* End PBXNativeTarget section */

/* Begin PBXProject section */
		58D41E7527EF52AB002958FC /* Project object */ = {
			isa = PBXProject;
			attributes = {
				BuildIndependentTargetsInParallel = 1;
				LastSwiftUpdateCheck = 1320;
				LastUpgradeCheck = 1320;
				TargetAttributes = {
					58D41E7C27EF52AB002958FC = {
						CreatedOnToolsVersion = 13.2.1;
					};
				};
			};
			buildConfigurationList = 58D41E7827EF52AB002958FC /* Build configuration list for PBXProject "Notes(Internship)" */;
			compatibilityVersion = "Xcode 13.0";
			developmentRegion = en;
			hasScannedForEncodings = 0;
			knownRegions = (
				en,
				Base,
			);
			mainGroup = 58D41E7427EF52AB002958FC;
			productRefGroup = 58D41E7E27EF52AB002958FC /* Products */;
			projectDirPath = "";
			projectRoot = "";
			targets = (
				58D41E7C27EF52AB002958FC /* Notes(Internship) */,
			);
		};
/* End PBXProject section */

/* Begin PBXResourcesBuildPhase section */
		58D41E7B27EF52AB002958FC /* Resources */ = {
			isa = PBXResourcesBuildPhase;
			buildActionMask = 2147483647;
			files = (
				58D41E8D27EF52AD002958FC /* LaunchScreen.storyboard in Resources */,
				58D41E8A27EF52AD002958FC /* Assets.xcassets in Resources */,
			);
			runOnlyForDeploymentPostprocessing = 0;
		};
/* End PBXResourcesBuildPhase section */

/* Begin PBXShellScriptBuildPhase section */
		585761CB27F433AB00B4D3FE /* ShellScript */ = {
			isa = PBXShellScriptBuildPhase;
			buildActionMask = 2147483647;
			files = (
			);
			inputFileListPaths = (
			);
			inputPaths = (
			);
			outputFileListPaths = (
			);
			outputPaths = (
			);
			runOnlyForDeploymentPostprocessing = 0;
			shellPath = /bin/sh;
			shellScript = "export PATH=\"$PATH:\"\nexport PATH+=~/\nexport PATH+=\"portable_swiftlint\"\nif which swiftlint > /dev/null; then\n  swiftlint\nelse\n  echo \"warning: SwiftLint not installed, download from https://github.com/realm/SwiftLint\"\nfi\n";
		};
/* End PBXShellScriptBuildPhase section */

/* Begin PBXSourcesBuildPhase section */
		58D41E7927EF52AB002958FC /* Sources */ = {
			isa = PBXSourcesBuildPhase;
			buildActionMask = 2147483647;
			files = (
				58D41E8527EF52AB002958FC /* NoteInfoViewController.swift in Sources */,
				5874376A28117AF2009A604E /* NoteStorage.swift in Sources */,
				58BE43922805F164005A2181 /* Extensions.swift in Sources */,
				58D41E8127EF52AB002958FC /* AppDelegate.swift in Sources */,
				58BE439028057AF4005A2181 /* NoteCell.swift in Sources */,
				58D41E8327EF52AB002958FC /* SceneDelegate.swift in Sources */,
				58474D8E27F9B22C00A9B289 /* DateFormat.swift in Sources */,
				58474D8C27F9A31D00A9B289 /* Note.swift in Sources */,
				58DF69D027FEE27100990875 /* Constant.swift in Sources */,
				58BE438D280579D9005A2181 /* ListViewController.swift in Sources */,
			);
			runOnlyForDeploymentPostprocessing = 0;
		};
/* End PBXSourcesBuildPhase section */

/* Begin PBXVariantGroup section */
		58D41E8B27EF52AD002958FC /* LaunchScreen.storyboard */ = {
			isa = PBXVariantGroup;
			children = (
				58D41E8C27EF52AD002958FC /* Base */,
			);
			name = LaunchScreen.storyboard;
			sourceTree = "<group>";
		};
/* End PBXVariantGroup section */

/* Begin XCBuildConfiguration section */
		58D41E8F27EF52AD002958FC /* Debug */ = {
			isa = XCBuildConfiguration;
			buildSettings = {
				ALWAYS_SEARCH_USER_PATHS = NO;
				CLANG_ANALYZER_NONNULL = YES;
				CLANG_ANALYZER_NUMBER_OBJECT_CONVERSION = YES_AGGRESSIVE;
				CLANG_CXX_LANGUAGE_STANDARD = "gnu++17";
				CLANG_CXX_LIBRARY = "libc++";
				CLANG_ENABLE_MODULES = YES;
				CLANG_ENABLE_OBJC_ARC = YES;
				CLANG_ENABLE_OBJC_WEAK = YES;
				CLANG_WARN_BLOCK_CAPTURE_AUTORELEASING = YES;
				CLANG_WARN_BOOL_CONVERSION = YES;
				CLANG_WARN_COMMA = YES;
				CLANG_WARN_CONSTANT_CONVERSION = YES;
				CLANG_WARN_DEPRECATED_OBJC_IMPLEMENTATIONS = YES;
				CLANG_WARN_DIRECT_OBJC_ISA_USAGE = YES_ERROR;
				CLANG_WARN_DOCUMENTATION_COMMENTS = YES;
				CLANG_WARN_EMPTY_BODY = YES;
				CLANG_WARN_ENUM_CONVERSION = YES;
				CLANG_WARN_INFINITE_RECURSION = YES;
				CLANG_WARN_INT_CONVERSION = YES;
				CLANG_WARN_NON_LITERAL_NULL_CONVERSION = YES;
				CLANG_WARN_OBJC_IMPLICIT_RETAIN_SELF = YES;
				CLANG_WARN_OBJC_LITERAL_CONVERSION = YES;
				CLANG_WARN_OBJC_ROOT_CLASS = YES_ERROR;
				CLANG_WARN_QUOTED_INCLUDE_IN_FRAMEWORK_HEADER = YES;
				CLANG_WARN_RANGE_LOOP_ANALYSIS = YES;
				CLANG_WARN_STRICT_PROTOTYPES = YES;
				CLANG_WARN_SUSPICIOUS_MOVE = YES;
				CLANG_WARN_UNGUARDED_AVAILABILITY = YES_AGGRESSIVE;
				CLANG_WARN_UNREACHABLE_CODE = YES;
				CLANG_WARN__DUPLICATE_METHOD_MATCH = YES;
				COPY_PHASE_STRIP = NO;
				DEBUG_INFORMATION_FORMAT = dwarf;
				ENABLE_STRICT_OBJC_MSGSEND = YES;
				ENABLE_TESTABILITY = YES;
				GCC_C_LANGUAGE_STANDARD = gnu11;
				GCC_DYNAMIC_NO_PIC = NO;
				GCC_NO_COMMON_BLOCKS = YES;
				GCC_OPTIMIZATION_LEVEL = 0;
				GCC_PREPROCESSOR_DEFINITIONS = (
					"DEBUG=1",
					"$(inherited)",
				);
				GCC_WARN_64_TO_32_BIT_CONVERSION = YES;
				GCC_WARN_ABOUT_RETURN_TYPE = YES_ERROR;
				GCC_WARN_UNDECLARED_SELECTOR = YES;
				GCC_WARN_UNINITIALIZED_AUTOS = YES_AGGRESSIVE;
				GCC_WARN_UNUSED_FUNCTION = YES;
				GCC_WARN_UNUSED_VARIABLE = YES;
				IPHONEOS_DEPLOYMENT_TARGET = 15.2;
				MTL_ENABLE_DEBUG_INFO = INCLUDE_SOURCE;
				MTL_FAST_MATH = YES;
				ONLY_ACTIVE_ARCH = YES;
				SDKROOT = iphoneos;
				SWIFT_ACTIVE_COMPILATION_CONDITIONS = DEBUG;
				SWIFT_OPTIMIZATION_LEVEL = "-Onone";
			};
			name = Debug;
		};
		58D41E9027EF52AD002958FC /* Release */ = {
			isa = XCBuildConfiguration;
			buildSettings = {
				ALWAYS_SEARCH_USER_PATHS = NO;
				CLANG_ANALYZER_NONNULL = YES;
				CLANG_ANALYZER_NUMBER_OBJECT_CONVERSION = YES_AGGRESSIVE;
				CLANG_CXX_LANGUAGE_STANDARD = "gnu++17";
				CLANG_CXX_LIBRARY = "libc++";
				CLANG_ENABLE_MODULES = YES;
				CLANG_ENABLE_OBJC_ARC = YES;
				CLANG_ENABLE_OBJC_WEAK = YES;
				CLANG_WARN_BLOCK_CAPTURE_AUTORELEASING = YES;
				CLANG_WARN_BOOL_CONVERSION = YES;
				CLANG_WARN_COMMA = YES;
				CLANG_WARN_CONSTANT_CONVERSION = YES;
				CLANG_WARN_DEPRECATED_OBJC_IMPLEMENTATIONS = YES;
				CLANG_WARN_DIRECT_OBJC_ISA_USAGE = YES_ERROR;
				CLANG_WARN_DOCUMENTATION_COMMENTS = YES;
				CLANG_WARN_EMPTY_BODY = YES;
				CLANG_WARN_ENUM_CONVERSION = YES;
				CLANG_WARN_INFINITE_RECURSION = YES;
				CLANG_WARN_INT_CONVERSION = YES;
				CLANG_WARN_NON_LITERAL_NULL_CONVERSION = YES;
				CLANG_WARN_OBJC_IMPLICIT_RETAIN_SELF = YES;
				CLANG_WARN_OBJC_LITERAL_CONVERSION = YES;
				CLANG_WARN_OBJC_ROOT_CLASS = YES_ERROR;
				CLANG_WARN_QUOTED_INCLUDE_IN_FRAMEWORK_HEADER = YES;
				CLANG_WARN_RANGE_LOOP_ANALYSIS = YES;
				CLANG_WARN_STRICT_PROTOTYPES = YES;
				CLANG_WARN_SUSPICIOUS_MOVE = YES;
				CLANG_WARN_UNGUARDED_AVAILABILITY = YES_AGGRESSIVE;
				CLANG_WARN_UNREACHABLE_CODE = YES;
				CLANG_WARN__DUPLICATE_METHOD_MATCH = YES;
				COPY_PHASE_STRIP = NO;
				DEBUG_INFORMATION_FORMAT = "dwarf-with-dsym";
				ENABLE_NS_ASSERTIONS = NO;
				ENABLE_STRICT_OBJC_MSGSEND = YES;
				GCC_C_LANGUAGE_STANDARD = gnu11;
				GCC_NO_COMMON_BLOCKS = YES;
				GCC_WARN_64_TO_32_BIT_CONVERSION = YES;
				GCC_WARN_ABOUT_RETURN_TYPE = YES_ERROR;
				GCC_WARN_UNDECLARED_SELECTOR = YES;
				GCC_WARN_UNINITIALIZED_AUTOS = YES_AGGRESSIVE;
				GCC_WARN_UNUSED_FUNCTION = YES;
				GCC_WARN_UNUSED_VARIABLE = YES;
				IPHONEOS_DEPLOYMENT_TARGET = 15.2;
				MTL_ENABLE_DEBUG_INFO = NO;
				MTL_FAST_MATH = YES;
				SDKROOT = iphoneos;
				SWIFT_COMPILATION_MODE = wholemodule;
				SWIFT_OPTIMIZATION_LEVEL = "-O";
				VALIDATE_PRODUCT = YES;
			};
			name = Release;
		};
		58D41E9227EF52AD002958FC /* Debug */ = {
			isa = XCBuildConfiguration;
			buildSettings = {
				ASSETCATALOG_COMPILER_APPICON_NAME = AppIcon;
				ASSETCATALOG_COMPILER_GLOBAL_ACCENT_COLOR_NAME = AccentColor;
				CODE_SIGN_STYLE = Automatic;
				CURRENT_PROJECT_VERSION = 1;
				DEVELOPMENT_TEAM = 9795PC2KY3;
				GENERATE_INFOPLIST_FILE = YES;
				INFOPLIST_FILE = "Notes(Internship)/Info.plist";
				INFOPLIST_KEY_UIApplicationSupportsIndirectInputEvents = YES;
				INFOPLIST_KEY_UILaunchStoryboardName = LaunchScreen;
				INFOPLIST_KEY_UISupportedInterfaceOrientations_iPad = "UIInterfaceOrientationPortrait UIInterfaceOrientationPortraitUpsideDown UIInterfaceOrientationLandscapeLeft UIInterfaceOrientationLandscapeRight";
				INFOPLIST_KEY_UISupportedInterfaceOrientations_iPhone = "UIInterfaceOrientationPortrait UIInterfaceOrientationLandscapeLeft UIInterfaceOrientationLandscapeRight";
				LD_RUNPATH_SEARCH_PATHS = (
					"$(inherited)",
					"@executable_path/Frameworks",
				);
				MARKETING_VERSION = 1.0;
				PRODUCT_BUNDLE_IDENTIFIER = "aGRos.Notes-Internship-";
				PRODUCT_NAME = "$(TARGET_NAME)";
				SWIFT_EMIT_LOC_STRINGS = YES;
				SWIFT_VERSION = 5.0;
				TARGETED_DEVICE_FAMILY = 1;
			};
			name = Debug;
		};
		58D41E9327EF52AD002958FC /* Release */ = {
			isa = XCBuildConfiguration;
			buildSettings = {
				ASSETCATALOG_COMPILER_APPICON_NAME = AppIcon;
				ASSETCATALOG_COMPILER_GLOBAL_ACCENT_COLOR_NAME = AccentColor;
				CODE_SIGN_STYLE = Automatic;
				CURRENT_PROJECT_VERSION = 1;
				DEVELOPMENT_TEAM = 9795PC2KY3;
				GENERATE_INFOPLIST_FILE = YES;
				INFOPLIST_FILE = "Notes(Internship)/Info.plist";
				INFOPLIST_KEY_UIApplicationSupportsIndirectInputEvents = YES;
				INFOPLIST_KEY_UILaunchStoryboardName = LaunchScreen;
				INFOPLIST_KEY_UISupportedInterfaceOrientations_iPad = "UIInterfaceOrientationPortrait UIInterfaceOrientationPortraitUpsideDown UIInterfaceOrientationLandscapeLeft UIInterfaceOrientationLandscapeRight";
				INFOPLIST_KEY_UISupportedInterfaceOrientations_iPhone = "UIInterfaceOrientationPortrait UIInterfaceOrientationLandscapeLeft UIInterfaceOrientationLandscapeRight";
				LD_RUNPATH_SEARCH_PATHS = (
					"$(inherited)",
					"@executable_path/Frameworks",
				);
				MARKETING_VERSION = 1.0;
				PRODUCT_BUNDLE_IDENTIFIER = "aGRos.Notes-Internship-";
				PRODUCT_NAME = "$(TARGET_NAME)";
				SWIFT_EMIT_LOC_STRINGS = YES;
				SWIFT_VERSION = 5.0;
				TARGETED_DEVICE_FAMILY = 1;
			};
			name = Release;
		};
/* End XCBuildConfiguration section */

/* Begin XCConfigurationList section */
		58D41E7827EF52AB002958FC /* Build configuration list for PBXProject "Notes(Internship)" */ = {
			isa = XCConfigurationList;
			buildConfigurations = (
				58D41E8F27EF52AD002958FC /* Debug */,
				58D41E9027EF52AD002958FC /* Release */,
			);
			defaultConfigurationIsVisible = 0;
			defaultConfigurationName = Release;
		};
		58D41E9127EF52AD002958FC /* Build configuration list for PBXNativeTarget "Notes(Internship)" */ = {
			isa = XCConfigurationList;
			buildConfigurations = (
				58D41E9227EF52AD002958FC /* Debug */,
				58D41E9327EF52AD002958FC /* Release */,
			);
			defaultConfigurationIsVisible = 0;
			defaultConfigurationName = Release;
		};
/* End XCConfigurationList section */
	};
	rootObject = 58D41E7527EF52AB002958FC /* Project object */;
}
